Microsoft Visual Studio Solution File, Format Version 11.00
# Visual Studio 2008

Project("{FDA8790C-F2A1-BE72-ED5F-9C116BFA5528}") = "Development-Dylan", "Assembly-CSharp.csproj", "{C99B28F6-0B60-8595-5109-31DA29058DC6}"
EndProject
Project("{FDA8790C-F2A1-BE72-ED5F-9C116BFA5528}") = "Development-Dylan", "Assembly-CSharp-Editor.csproj", "{81731706-05CC-9C7E-7A66-851B217CBF2F}"
EndProject
Global
	GlobalSection(SolutionConfigurationPlatforms) = preSolution
		Debug|Any CPU = Debug|Any CPU
		Release|Any CPU = Release|Any CPU
	EndGlobalSection
	GlobalSection(ProjectConfigurationPlatforms) = postSolution
		{C99B28F6-0B60-8595-5109-31DA29058DC6}.Debug|Any CPU.ActiveCfg = Debug|Any CPU
		{C99B28F6-0B60-8595-5109-31DA29058DC6}.Debug|Any CPU.Build.0 = Debug|Any CPU
		{C99B28F6-0B60-8595-5109-31DA29058DC6}.Release|Any CPU.ActiveCfg = Release|Any CPU
		{C99B28F6-0B60-8595-5109-31DA29058DC6}.Release|Any CPU.Build.0 = Release|Any CPU
		{81731706-05CC-9C7E-7A66-851B217CBF2F}.Debug|Any CPU.ActiveCfg = Debug|Any CPU
		{81731706-05CC-9C7E-7A66-851B217CBF2F}.Debug|Any CPU.Build.0 = Debug|Any CPU
		{81731706-05CC-9C7E-7A66-851B217CBF2F}.Release|Any CPU.ActiveCfg = Release|Any CPU
		{81731706-05CC-9C7E-7A66-851B217CBF2F}.Release|Any CPU.Build.0 = Release|Any CPU
	EndGlobalSection
	GlobalSection(SolutionProperties) = preSolution
		HideSolutionNode = FALSE
	EndGlobalSection
																						GlobalSection(MonoDevelopProperties) = preSolution
		StartupItem = Assembly-CSharp.csproj
		Policies = $0
		$0.TextStylePolicy = $1
		$1.inheritsSet = null
		$1.scope = text/x-csharp
		$0.CSharpFormattingPolicy = $2
		$2.inheritsSet = Mono
		$2.inheritsScope = text/x-csharp
		$2.scope = text/x-csharp
		$0.TextStylePolicy = $3
		$3.FileWidth = 120
		$3.TabWidth = 4
		$3.EolMarker = Unix
		$3.inheritsSet = Mono
		$3.inheritsScope = text/plain
		$3.scope = text/plain
	EndGlobalSection

EndGlobal
