Microsoft Visual Studio Solution File, Format Version 11.00
# Visual Studio 2008

Project("{95B45B94-80E0-A6AD-FC09-96C9306F2006}") = "gpw2-master", "Assembly-CSharp-vs.csproj", "{EBB6734C-075A-ADD9-96F5-67EA7FBE0242}"
EndProject
Project("{95B45B94-80E0-A6AD-FC09-96C9306F2006}") = "gpw2-master", "Assembly-CSharp-Editor-vs.csproj", "{977880E6-FAB9-3DF2-F467-98D11A09F165}"
EndProject
Global
	GlobalSection(SolutionConfigurationPlatforms) = preSolution
		Debug|Any CPU = Debug|Any CPU
		Release|Any CPU = Release|Any CPU
	EndGlobalSection
	GlobalSection(ProjectConfigurationPlatforms) = postSolution
		{EBB6734C-075A-ADD9-96F5-67EA7FBE0242}.Debug|Any CPU.ActiveCfg = Debug|Any CPU
		{EBB6734C-075A-ADD9-96F5-67EA7FBE0242}.Debug|Any CPU.Build.0 = Debug|Any CPU
		{EBB6734C-075A-ADD9-96F5-67EA7FBE0242}.Release|Any CPU.ActiveCfg = Release|Any CPU
		{EBB6734C-075A-ADD9-96F5-67EA7FBE0242}.Release|Any CPU.Build.0 = Release|Any CPU
		{977880E6-FAB9-3DF2-F467-98D11A09F165}.Debug|Any CPU.ActiveCfg = Debug|Any CPU
		{977880E6-FAB9-3DF2-F467-98D11A09F165}.Debug|Any CPU.Build.0 = Debug|Any CPU
		{977880E6-FAB9-3DF2-F467-98D11A09F165}.Release|Any CPU.ActiveCfg = Release|Any CPU
		{977880E6-FAB9-3DF2-F467-98D11A09F165}.Release|Any CPU.Build.0 = Release|Any CPU
	EndGlobalSection
	GlobalSection(SolutionProperties) = preSolution
		HideSolutionNode = FALSE
	EndGlobalSection
			GlobalSection(MonoDevelopProperties) = preSolution
		StartupItem = Assembly-CSharp.csproj
		Policies = $0
		$0.TextStylePolicy = $1
		$1.inheritsSet = null
		$1.scope = text/x-csharp
		$0.CSharpFormattingPolicy = $2
		$2.inheritsSet = Mono
		$2.inheritsScope = text/x-csharp
		$2.scope = text/x-csharp
		$0.TextStylePolicy = $3
		$3.FileWidth = 120
		$3.TabWidth = 4
		$3.EolMarker = Unix
		$3.inheritsSet = Mono
		$3.inheritsScope = text/plain
		$3.scope = text/plain
	EndGlobalSection

EndGlobal
